
Microsoft Visual Studio Solution File, Format Version 12.00
# Visual Studio Version 17
VisualStudioVersion = 17.8.34525.116
MinimumVisualStudioVersion = 10.0.40219.1
Project("{9A19103F-16F7-4668-BE54-9A1E7A4F7556}") = "SuggestionBookBlazorServer", "SuggestionBookBlazorServer\SuggestionBookBlazorServer.csproj", "{514ED7E6-AA16-4566-A875-62D903E53076}"
EndProject
Project("{9A19103F-16F7-4668-BE54-9A1E7A4F7556}") = "SuggestionBookLibrary", "SuggestionBookLibrary\SuggestionBookLibrary.csproj", "{0DFF1CAF-9ADC-4BE7-9ED7-DD26709A8DCF}"
EndProject
Global
	GlobalSection(SolutionConfigurationPlatforms) = preSolution
		Debug|Any CPU = Debug|Any CPU
		Release|Any CPU = Release|Any CPU
	EndGlobalSection
	GlobalSection(ProjectConfigurationPlatforms) = postSolution
		{514ED7E6-AA16-4566-A875-62D903E53076}.Debug|Any CPU.ActiveCfg = Debug|Any CPU
		{514ED7E6-AA16-4566-A875-62D903E53076}.Debug|Any CPU.Build.0 = Debug|Any CPU
		{514ED7E6-AA16-4566-A875-62D903E53076}.Release|Any CPU.ActiveCfg = Release|Any CPU
		{514ED7E6-AA16-4566-A875-62D903E53076}.Release|Any CPU.Build.0 = Release|Any CPU
		{0DFF1CAF-9ADC-4BE7-9ED7-DD26709A8DCF}.Debug|Any CPU.ActiveCfg = Debug|Any CPU
		{0DFF1CAF-9ADC-4BE7-9ED7-DD26709A8DCF}.Debug|Any CPU.Build.0 = Debug|Any CPU
		{0DFF1CAF-9ADC-4BE7-9ED7-DD26709A8DCF}.Release|Any CPU.ActiveCfg = Release|Any CPU
		{0DFF1CAF-9ADC-4BE7-9ED7-DD26709A8DCF}.Release|Any CPU.Build.0 = Release|Any CPU
	EndGlobalSection
	GlobalSection(SolutionProperties) = preSolution
		HideSolutionNode = FALSE
	EndGlobalSection
	GlobalSection(ExtensibilityGlobals) = postSolution
		SolutionGuid = {9F61C2C3-C4D1-4D41-ABF8-21F5D8789B62}
	EndGlobalSection
EndGlobal
